
Microsoft Visual Studio Solution File, Format Version 12.00
# Visual Studio 15
VisualStudioVersion = 15.0.26430.12
MinimumVisualStudioVersion = 10.0.40219.1
Project("{FAE04EC0-301F-11D3-BF4B-00C04F79EFBC}") = "CalculatorLibrary", "CalculatorLibrary\CalculatorLibrary.csproj", "{B31FB441-37C0-4818-838B-8F26AA8208C0}"
EndProject
Project("{2150E333-8FDC-42A3-9474-1A3956D46DE8}") = "Application", "Application", "{7525B3F4-F460-4713-9A42-466C6149CF84}"
EndProject
Project("{2150E333-8FDC-42A3-9474-1A3956D46DE8}") = "Business", "Business", "{6FC4D388-E514-4089-A8AB-450CBC7FB9C0}"
EndProject
Project("{2150E333-8FDC-42A3-9474-1A3956D46DE8}") = "Data", "Data", "{F85648BF-5FC4-4EB3-B15A-3EA9D2E26F79}"
EndProject
Project("{FAE04EC0-301F-11D3-BF4B-00C04F79EFBC}") = "ConsoleCalculatorApp", "ConsoleCalculatorApp\ConsoleCalculatorApp.csproj", "{E57DD3D1-DDC9-4E59-A966-34D177D9FA58}"
EndProject
Project("{FAE04EC0-301F-11D3-BF4B-00C04F79EFBC}") = "GuiCalculatorApp", "GuiCalculatorApp\GuiCalculatorApp.csproj", "{84E537CD-8311-453F-9277-93E1312FCA36}"
EndProject
Project("{2150E333-8FDC-42A3-9474-1A3956D46DE8}") = "Contracts", "Contracts", "{652D1BE3-A181-4EF5-A194-D46E6041D19A}"
EndProject
Project("{2150E333-8FDC-42A3-9474-1A3956D46DE8}") = "Implementation", "Implementation", "{040AC272-FF88-440A-AAD6-445AB4B8ACAA}"
EndProject
Project("{FAE04EC0-301F-11D3-BF4B-00C04F79EFBC}") = "CalculatorInterfaces", "CalculatorInterfaces\CalculatorInterfaces.csproj", "{59894ACB-FB35-4659-9523-1C98539F57CF}"
EndProject
Project("{FAE04EC0-301F-11D3-BF4B-00C04F79EFBC}") = "RegularAdditionImplementation", "CalculatorImplementation\RegularAdditionImplementation.csproj", "{789F0105-0834-43DD-873B-39290746E56B}"
EndProject
Project("{2150E333-8FDC-42A3-9474-1A3956D46DE8}") = "Models", "Models", "{1B7EED97-5792-48AF-A133-230E102B62C2}"
EndProject
Project("{FAE04EC0-301F-11D3-BF4B-00C04F79EFBC}") = "ViewModels", "IntegerViewModel\ViewModels.csproj", "{F3AB4EC7-7C74-48D8-B305-63161308299E}"
EndProject
Project("{FAE04EC0-301F-11D3-BF4B-00C04F79EFBC}") = "BusinessCorpAdditionImplementation", "BusinessCorpCalculatorImplementation\BusinessCorpAdditionImplementation.csproj", "{64E84CB3-514B-4B36-9804-6613AB7A7C91}"
EndProject
Project("{FAE04EC0-301F-11D3-BF4B-00C04F79EFBC}") = "Data.Contracts", "Data\Data.Contracts.csproj", "{7FE628D3-8F78-4221-B229-CB1F2F224B13}"
EndProject
Project("{2150E333-8FDC-42A3-9474-1A3956D46DE8}") = "Contracts", "Contracts", "{484465FF-7B15-46D3-B87A-23EC7AED7331}"
EndProject
Project("{2150E333-8FDC-42A3-9474-1A3956D46DE8}") = "Implementation", "Implementation", "{9E70BB25-4ED6-4CEB-9892-19967F914B64}"
EndProject
Project("{FAE04EC0-301F-11D3-BF4B-00C04F79EFBC}") = "Data.Implementation", "Data.Implementation\Data.Implementation.csproj", "{7D5532ED-0371-4071-BBC2-0ABCC729F060}"
EndProject
Global
	GlobalSection(SolutionConfigurationPlatforms) = preSolution
		Debug|Any CPU = Debug|Any CPU
		Release|Any CPU = Release|Any CPU
	EndGlobalSection
	GlobalSection(ProjectConfigurationPlatforms) = postSolution
		{B31FB441-37C0-4818-838B-8F26AA8208C0}.Debug|Any CPU.ActiveCfg = Debug|Any CPU
		{B31FB441-37C0-4818-838B-8F26AA8208C0}.Debug|Any CPU.Build.0 = Debug|Any CPU
		{B31FB441-37C0-4818-838B-8F26AA8208C0}.Release|Any CPU.ActiveCfg = Release|Any CPU
		{B31FB441-37C0-4818-838B-8F26AA8208C0}.Release|Any CPU.Build.0 = Release|Any CPU
		{E57DD3D1-DDC9-4E59-A966-34D177D9FA58}.Debug|Any CPU.ActiveCfg = Debug|Any CPU
		{E57DD3D1-DDC9-4E59-A966-34D177D9FA58}.Debug|Any CPU.Build.0 = Debug|Any CPU
		{E57DD3D1-DDC9-4E59-A966-34D177D9FA58}.Release|Any CPU.ActiveCfg = Release|Any CPU
		{E57DD3D1-DDC9-4E59-A966-34D177D9FA58}.Release|Any CPU.Build.0 = Release|Any CPU
		{84E537CD-8311-453F-9277-93E1312FCA36}.Debug|Any CPU.ActiveCfg = Debug|Any CPU
		{84E537CD-8311-453F-9277-93E1312FCA36}.Debug|Any CPU.Build.0 = Debug|Any CPU
		{84E537CD-8311-453F-9277-93E1312FCA36}.Release|Any CPU.ActiveCfg = Release|Any CPU
		{84E537CD-8311-453F-9277-93E1312FCA36}.Release|Any CPU.Build.0 = Release|Any CPU
		{59894ACB-FB35-4659-9523-1C98539F57CF}.Debug|Any CPU.ActiveCfg = Debug|Any CPU
		{59894ACB-FB35-4659-9523-1C98539F57CF}.Debug|Any CPU.Build.0 = Debug|Any CPU
		{59894ACB-FB35-4659-9523-1C98539F57CF}.Release|Any CPU.ActiveCfg = Release|Any CPU
		{59894ACB-FB35-4659-9523-1C98539F57CF}.Release|Any CPU.Build.0 = Release|Any CPU
		{789F0105-0834-43DD-873B-39290746E56B}.Debug|Any CPU.ActiveCfg = Debug|Any CPU
		{789F0105-0834-43DD-873B-39290746E56B}.Debug|Any CPU.Build.0 = Debug|Any CPU
		{789F0105-0834-43DD-873B-39290746E56B}.Release|Any CPU.ActiveCfg = Release|Any CPU
		{789F0105-0834-43DD-873B-39290746E56B}.Release|Any CPU.Build.0 = Release|Any CPU
		{F3AB4EC7-7C74-48D8-B305-63161308299E}.Debug|Any CPU.ActiveCfg = Debug|Any CPU
		{F3AB4EC7-7C74-48D8-B305-63161308299E}.Debug|Any CPU.Build.0 = Debug|Any CPU
		{F3AB4EC7-7C74-48D8-B305-63161308299E}.Release|Any CPU.ActiveCfg = Release|Any CPU
		{F3AB4EC7-7C74-48D8-B305-63161308299E}.Release|Any CPU.Build.0 = Release|Any CPU
		{64E84CB3-514B-4B36-9804-6613AB7A7C91}.Debug|Any CPU.ActiveCfg = Debug|Any CPU
		{64E84CB3-514B-4B36-9804-6613AB7A7C91}.Debug|Any CPU.Build.0 = Debug|Any CPU
		{64E84CB3-514B-4B36-9804-6613AB7A7C91}.Release|Any CPU.ActiveCfg = Release|Any CPU
		{64E84CB3-514B-4B36-9804-6613AB7A7C91}.Release|Any CPU.Build.0 = Release|Any CPU
		{7FE628D3-8F78-4221-B229-CB1F2F224B13}.Debug|Any CPU.ActiveCfg = Debug|Any CPU
		{7FE628D3-8F78-4221-B229-CB1F2F224B13}.Debug|Any CPU.Build.0 = Debug|Any CPU
		{7FE628D3-8F78-4221-B229-CB1F2F224B13}.Release|Any CPU.ActiveCfg = Release|Any CPU
		{7FE628D3-8F78-4221-B229-CB1F2F224B13}.Release|Any CPU.Build.0 = Release|Any CPU
		{7D5532ED-0371-4071-BBC2-0ABCC729F060}.Debug|Any CPU.ActiveCfg = Debug|Any CPU
		{7D5532ED-0371-4071-BBC2-0ABCC729F060}.Debug|Any CPU.Build.0 = Debug|Any CPU
		{7D5532ED-0371-4071-BBC2-0ABCC729F060}.Release|Any CPU.ActiveCfg = Release|Any CPU
		{7D5532ED-0371-4071-BBC2-0ABCC729F060}.Release|Any CPU.Build.0 = Release|Any CPU
	EndGlobalSection
	GlobalSection(SolutionProperties) = preSolution
		HideSolutionNode = FALSE
	EndGlobalSection
	GlobalSection(NestedProjects) = preSolution
		{B31FB441-37C0-4818-838B-8F26AA8208C0} = {6FC4D388-E514-4089-A8AB-450CBC7FB9C0}
		{E57DD3D1-DDC9-4E59-A966-34D177D9FA58} = {7525B3F4-F460-4713-9A42-466C6149CF84}
		{84E537CD-8311-453F-9277-93E1312FCA36} = {7525B3F4-F460-4713-9A42-466C6149CF84}
		{652D1BE3-A181-4EF5-A194-D46E6041D19A} = {6FC4D388-E514-4089-A8AB-450CBC7FB9C0}
		{040AC272-FF88-440A-AAD6-445AB4B8ACAA} = {6FC4D388-E514-4089-A8AB-450CBC7FB9C0}
		{59894ACB-FB35-4659-9523-1C98539F57CF} = {652D1BE3-A181-4EF5-A194-D46E6041D19A}
		{789F0105-0834-43DD-873B-39290746E56B} = {040AC272-FF88-440A-AAD6-445AB4B8ACAA}
		{1B7EED97-5792-48AF-A133-230E102B62C2} = {7525B3F4-F460-4713-9A42-466C6149CF84}
		{F3AB4EC7-7C74-48D8-B305-63161308299E} = {1B7EED97-5792-48AF-A133-230E102B62C2}
		{64E84CB3-514B-4B36-9804-6613AB7A7C91} = {040AC272-FF88-440A-AAD6-445AB4B8ACAA}
		{7FE628D3-8F78-4221-B229-CB1F2F224B13} = {484465FF-7B15-46D3-B87A-23EC7AED7331}
		{484465FF-7B15-46D3-B87A-23EC7AED7331} = {F85648BF-5FC4-4EB3-B15A-3EA9D2E26F79}
		{9E70BB25-4ED6-4CEB-9892-19967F914B64} = {F85648BF-5FC4-4EB3-B15A-3EA9D2E26F79}
		{7D5532ED-0371-4071-BBC2-0ABCC729F060} = {9E70BB25-4ED6-4CEB-9892-19967F914B64}
	EndGlobalSection
EndGlobal
